// !$*UTF8*$!
{
	archiveVersion = 1;
	classes = {
	};
	objectVersion = 56;
	objects = {

/* Begin PBXBuildFile section */
		780DEFA92BD6D76D00352E93 /* ManagedAccountHistoryController.swift in Sources */ = {isa = PBXBuildFile; fileRef = 780DEFA82BD6D76D00352E93 /* ManagedAccountHistoryController.swift */; };
		780DEFAB2BD6E6FD00352E93 /* ManagedAccountHistoryView.swift in Sources */ = {isa = PBXBuildFile; fileRef = 780DEFAA2BD6E6FD00352E93 /* ManagedAccountHistoryView.swift */; };
		780DEFAD2BD6E79B00352E93 /* ManagedAccountChartView.swift in Sources */ = {isa = PBXBuildFile; fileRef = 780DEFAC2BD6E79B00352E93 /* ManagedAccountChartView.swift */; };
		780DEFB02BD6ECB100352E93 /* WhatsNewKit in Frameworks */ = {isa = PBXBuildFile; productRef = 780DEFAF2BD6ECB100352E93 /* WhatsNewKit */; };
		780DEFB22BD6EFCF00352E93 /* RealCurrencyRatesClient.swift in Sources */ = {isa = PBXBuildFile; fileRef = 780DEFB12BD6EFCF00352E93 /* RealCurrencyRatesClient.swift */; };
		780DEFB42BD6F00E00352E93 /* CurrenciesWatcherController.swift in Sources */ = {isa = PBXBuildFile; fileRef = 780DEFB32BD6F00E00352E93 /* CurrenciesWatcherController.swift */; };
		780DEFB62BD6F1C700352E93 /* SettingsCurrencySelectionView.swift in Sources */ = {isa = PBXBuildFile; fileRef = 780DEFB52BD6F1C700352E93 /* SettingsCurrencySelectionView.swift */; };
		780DEFB92BD782EB00352E93 /* ExchangeRatesResponse.swift in Sources */ = {isa = PBXBuildFile; fileRef = 780DEFB82BD782EB00352E93 /* ExchangeRatesResponse.swift */; };
		780DEFBB2BD7B12A00352E93 /* ExchangeRatesWidgetView.swift in Sources */ = {isa = PBXBuildFile; fileRef = 780DEFBA2BD7B12A00352E93 /* ExchangeRatesWidgetView.swift */; };
		780DEFBD2BD7C87200352E93 /* CurrenciesRateWidgetEditorView.swift in Sources */ = {isa = PBXBuildFile; fileRef = 780DEFBC2BD7C87200352E93 /* CurrenciesRateWidgetEditorView.swift */; };
		780DF4D52BC7F24800EDADBC /* CryptoAccountsController.swift in Sources */ = {isa = PBXBuildFile; fileRef = 780DF4D42BC7F24800EDADBC /* CryptoAccountsController.swift */; };
		780DF4D72BC852F600EDADBC /* TRC20PriceResponse.swift in Sources */ = {isa = PBXBuildFile; fileRef = 780DF4D62BC852F600EDADBC /* TRC20PriceResponse.swift */; };
		781A39392BD96F6700DC6160 /* ListCardView.swift in Sources */ = {isa = PBXBuildFile; fileRef = 781A39382BD96F6700DC6160 /* ListCardView.swift */; };
		781A393B2BD9845A00DC6160 /* ApisConfigurationView.swift in Sources */ = {isa = PBXBuildFile; fileRef = 781A393A2BD9845A00DC6160 /* ApisConfigurationView.swift */; };
		781B9AEC2BDA99F800286C37 /* TRC20TransfersResponse.swift in Sources */ = {isa = PBXBuildFile; fileRef = 781B9AEB2BDA99F800286C37 /* TRC20TransfersResponse.swift */; };
		781B9AEE2BDAA02900286C37 /* TRC20UsdtTokenDetails.swift in Sources */ = {isa = PBXBuildFile; fileRef = 781B9AED2BDAA02900286C37 /* TRC20UsdtTokenDetails.swift */; };
		781B9AF12BDAD9CA00286C37 /* Pigeon in Frameworks */ = {isa = PBXBuildFile; productRef = 781B9AF02BDAD9CA00286C37 /* Pigeon */; };
		781B9AF32BDADB6F00286C37 /* QueryKey.swift in Sources */ = {isa = PBXBuildFile; fileRef = 781B9AF22BDADB6F00286C37 /* QueryKey.swift */; };
		781B9AF62BDBC76300286C37 /* CryptoAccountDetailsViewModel.swift in Sources */ = {isa = PBXBuildFile; fileRef = 781B9AF52BDBC76300286C37 /* CryptoAccountDetailsViewModel.swift */; };
		7830CD3B2BD3CA2B00E5535D /* ManagedAccountRecordFormView.swift in Sources */ = {isa = PBXBuildFile; fileRef = 7830CD3A2BD3CA2B00E5535D /* ManagedAccountRecordFormView.swift */; };
		784A65EC2BCC688C007D5677 /* CoinGeckoPriceResponse.swift in Sources */ = {isa = PBXBuildFile; fileRef = 784A65EB2BCC688C007D5677 /* CoinGeckoPriceResponse.swift */; };
		784A65F02BCC6967007D5677 /* SolanaRPCResponse.swift in Sources */ = {isa = PBXBuildFile; fileRef = 784A65EF2BCC6967007D5677 /* SolanaRPCResponse.swift */; };
		784A65F32BCC69B3007D5677 /* CoinGeckoClient.swift in Sources */ = {isa = PBXBuildFile; fileRef = 784A65F12BCC69B3007D5677 /* CoinGeckoClient.swift */; };
		784A65F42BCC69B3007D5677 /* SolanaClient.swift in Sources */ = {isa = PBXBuildFile; fileRef = 784A65F22BCC69B3007D5677 /* SolanaClient.swift */; };
		784A65F62BCC6A03007D5677 /* CoinGeckoPriceResponse.swift in Sources */ = {isa = PBXBuildFile; fileRef = 784A65F52BCC6A03007D5677 /* CoinGeckoPriceResponse.swift */; };
		784A65F82BCC6A55007D5677 /* CryptoTokenItemView.swift in Sources */ = {isa = PBXBuildFile; fileRef = 784A65F72BCC6A55007D5677 /* CryptoTokenItemView.swift */; };
		784A65FA2BCC6A98007D5677 /* CoinGeckoMarketDataResponse.swift in Sources */ = {isa = PBXBuildFile; fileRef = 784A65F92BCC6A98007D5677 /* CoinGeckoMarketDataResponse.swift */; };
		784A65FC2BCC6AC1007D5677 /* Double.swift in Sources */ = {isa = PBXBuildFile; fileRef = 784A65FB2BCC6AC1007D5677 /* Double.swift */; };
		784A65FE2BCCE74E007D5677 /* HttpClient.swift in Sources */ = {isa = PBXBuildFile; fileRef = 784A65FD2BCCE74E007D5677 /* HttpClient.swift */; };
		784A66012BCCEF68007D5677 /* TRC20AccountPopulator.swift in Sources */ = {isa = PBXBuildFile; fileRef = 784A66002BCCEF68007D5677 /* TRC20AccountPopulator.swift */; };
		784A66052BCCF053007D5677 /* SolanaAccountPopulator.swift in Sources */ = {isa = PBXBuildFile; fileRef = 784A66042BCCF053007D5677 /* SolanaAccountPopulator.swift */; };
		784A66072BCCF062007D5677 /* AccountPopulator.swift in Sources */ = {isa = PBXBuildFile; fileRef = 784A66062BCCF062007D5677 /* AccountPopulator.swift */; };
		784A66092BCCF44C007D5677 /* CryptoAccountDetailsView.swift in Sources */ = {isa = PBXBuildFile; fileRef = 784A66082BCCF44C007D5677 /* CryptoAccountDetailsView.swift */; };
		785261B32BE22EFF000D6945 /* CameraAccessView.swift in Sources */ = {isa = PBXBuildFile; fileRef = 785261B22BE22EFF000D6945 /* CameraAccessView.swift */; };
		785269BB2BC799C600757C02 /* BasicAccountCreateFormView.swift in Sources */ = {isa = PBXBuildFile; fileRef = 785269BA2BC799C600757C02 /* BasicAccountCreateFormView.swift */; };
		785269C12BC7B7FD00757C02 /* TRC20Client.swift in Sources */ = {isa = PBXBuildFile; fileRef = 785269C02BC7B7FD00757C02 /* TRC20Client.swift */; };
		78526A092BC7BCBC00757C02 /* WithPriceTokens.swift in Sources */ = {isa = PBXBuildFile; fileRef = 78526A072BC7BCBC00757C02 /* WithPriceTokens.swift */; };
		78526A0A2BC7BCBC00757C02 /* TRC20AccountResponse.swift in Sources */ = {isa = PBXBuildFile; fileRef = 78526A082BC7BCBC00757C02 /* TRC20AccountResponse.swift */; };
		78526A0C2BC7BDF300757C02 /* ManagedAccountItemView.swift in Sources */ = {isa = PBXBuildFile; fileRef = 78526A0B2BC7BDF300757C02 /* ManagedAccountItemView.swift */; };
		78526A142BC7CC1100757C02 /* CryptoAccountTokenItemView.swift in Sources */ = {isa = PBXBuildFile; fileRef = 78526A132BC7CC1100757C02 /* CryptoAccountTokenItemView.swift */; };
		785366D32BC7970400DB180D /* ManagedBankAccountFormView.swift in Sources */ = {isa = PBXBuildFile; fileRef = 785366D22BC7970400DB180D /* ManagedBankAccountFormView.swift */; };
		785366D52BC7971300DB180D /* LinkedCryptoAccountFormView.swift in Sources */ = {isa = PBXBuildFile; fileRef = 785366D42BC7971200DB180D /* LinkedCryptoAccountFormView.swift */; };
		7876ABB72BC52B8A00323F65 /* CreateBankAccountView.swift in Sources */ = {isa = PBXBuildFile; fileRef = 7876ABB62BC52B8A00323F65 /* CreateBankAccountView.swift */; };
		7876ABB92BC52D2400323F65 /* Currencies.swift in Sources */ = {isa = PBXBuildFile; fileRef = 7876ABB82BC52D2400323F65 /* Currencies.swift */; };
		788464BB2BCAFD9900911216 /* TopAccountsBalancesView.swift in Sources */ = {isa = PBXBuildFile; fileRef = 788464BA2BCAFD9900911216 /* TopAccountsBalancesView.swift */; };
		788A89732BC514930002F91E /* another_one_walletApp.swift in Sources */ = {isa = PBXBuildFile; fileRef = 788A89722BC514930002F91E /* another_one_walletApp.swift */; };
		788A89752BC514930002F91E /* ContentView.swift in Sources */ = {isa = PBXBuildFile; fileRef = 788A89742BC514930002F91E /* ContentView.swift */; };
		788A89772BC514940002F91E /* Assets.xcassets in Resources */ = {isa = PBXBuildFile; fileRef = 788A89762BC514940002F91E /* Assets.xcassets */; };
		788A897A2BC514940002F91E /* Preview Assets.xcassets in Resources */ = {isa = PBXBuildFile; fileRef = 788A89792BC514940002F91E /* Preview Assets.xcassets */; };
		788A897C2BC514940002F91E /* Persistence.swift in Sources */ = {isa = PBXBuildFile; fileRef = 788A897B2BC514940002F91E /* Persistence.swift */; };
		788A897F2BC514940002F91E /* another_one_wallet.xcdatamodeld in Sources */ = {isa = PBXBuildFile; fileRef = 788A897D2BC514940002F91E /* another_one_wallet.xcdatamodeld */; };
		788A898A2BC519050002F91E /* HomeView.swift in Sources */ = {isa = PBXBuildFile; fileRef = 788A89892BC519050002F91E /* HomeView.swift */; };
		788A898C2BC519160002F91E /* SettingsView.swift in Sources */ = {isa = PBXBuildFile; fileRef = 788A898B2BC519160002F91E /* SettingsView.swift */; };
		788A898E2BC519440002F91E /* BankAccountsView.swift in Sources */ = {isa = PBXBuildFile; fileRef = 788A898D2BC519440002F91E /* BankAccountsView.swift */; };
		78A14B0D2BC712EC00CA7B12 /* BankAccountExtension.swift in Sources */ = {isa = PBXBuildFile; fileRef = 78A14B0C2BC712EC00CA7B12 /* BankAccountExtension.swift */; };
		78A14B122BC71B0600CA7B12 /* SFSymbolsPicker in Frameworks */ = {isa = PBXBuildFile; productRef = 78A14B112BC71B0600CA7B12 /* SFSymbolsPicker */; };
		78A14B152BC71F4400CA7B12 /* ListIconView.swift in Sources */ = {isa = PBXBuildFile; fileRef = 78A14B142BC71F4400CA7B12 /* ListIconView.swift */; };
		78D205B42BC91C550083CF53 /* TRC20TokensResponse.swift in Sources */ = {isa = PBXBuildFile; fileRef = 78D205B32BC91C550083CF53 /* TRC20TokensResponse.swift */; };
		78D205B72BC92EF50083CF53 /* ToolbarPlusMenuView.swift in Sources */ = {isa = PBXBuildFile; fileRef = 78D205B62BC92EF50083CF53 /* ToolbarPlusMenuView.swift */; };
		78E00D332BC9B41500A300D4 /* ManagedBankAccountDetailsView.swift in Sources */ = {isa = PBXBuildFile; fileRef = 78E00D322BC9B41500A300D4 /* ManagedBankAccountDetailsView.swift */; };
		78E00D352BC9B6E200A300D4 /* HistoryRecordItemView.swift in Sources */ = {isa = PBXBuildFile; fileRef = 78E00D342BC9B6E200A300D4 /* HistoryRecordItemView.swift */; };
		78E00D392BCAEB5500A300D4 /* Date.swift in Sources */ = {isa = PBXBuildFile; fileRef = 78E00D382BCAEB5500A300D4 /* Date.swift */; };
		78E00D3B2BCAEDE900A300D4 /* ManagedAccountRecordExtension.swift in Sources */ = {isa = PBXBuildFile; fileRef = 78E00D3A2BCAEDE900A300D4 /* ManagedAccountRecordExtension.swift */; };
		78E83D772BDF9BD400B1EEE4 /* HistoryRecordImageFormView.swift in Sources */ = {isa = PBXBuildFile; fileRef = 78E83D762BDF9BD400B1EEE4 /* HistoryRecordImageFormView.swift */; };
		78E83D792BDFA7BA00B1EEE4 /* ManagedAccountHistoryDetailsView.swift in Sources */ = {isa = PBXBuildFile; fileRef = 78E83D782BDFA7BA00B1EEE4 /* ManagedAccountHistoryDetailsView.swift */; };
		78E83D7C2BDFADA400B1EEE4 /* ImageViewer in Frameworks */ = {isa = PBXBuildFile; productRef = 78E83D7B2BDFADA400B1EEE4 /* ImageViewer */; };
		78E83D7E2BDFADA400B1EEE4 /* ImageViewerRemote in Frameworks */ = {isa = PBXBuildFile; productRef = 78E83D7D2BDFADA400B1EEE4 /* ImageViewerRemote */; };
		78E83D802BDFB4DB00B1EEE4 /* ImageViewerController.swift in Sources */ = {isa = PBXBuildFile; fileRef = 78E83D7F2BDFB4DB00B1EEE4 /* ImageViewerController.swift */; };
/* End PBXBuildFile section */

/* Begin PBXFileReference section */
		780DEFA82BD6D76D00352E93 /* ManagedAccountHistoryController.swift */ = {isa = PBXFileReference; lastKnownFileType = sourcecode.swift; path = ManagedAccountHistoryController.swift; sourceTree = "<group>"; };
		780DEFAA2BD6E6FD00352E93 /* ManagedAccountHistoryView.swift */ = {isa = PBXFileReference; lastKnownFileType = sourcecode.swift; path = ManagedAccountHistoryView.swift; sourceTree = "<group>"; };
		780DEFAC2BD6E79B00352E93 /* ManagedAccountChartView.swift */ = {isa = PBXFileReference; lastKnownFileType = sourcecode.swift; path = ManagedAccountChartView.swift; sourceTree = "<group>"; };
		780DEFB12BD6EFCF00352E93 /* RealCurrencyRatesClient.swift */ = {isa = PBXFileReference; lastKnownFileType = sourcecode.swift; path = RealCurrencyRatesClient.swift; sourceTree = "<group>"; };
		780DEFB32BD6F00E00352E93 /* CurrenciesWatcherController.swift */ = {isa = PBXFileReference; lastKnownFileType = sourcecode.swift; path = CurrenciesWatcherController.swift; sourceTree = "<group>"; };
		780DEFB52BD6F1C700352E93 /* SettingsCurrencySelectionView.swift */ = {isa = PBXFileReference; lastKnownFileType = sourcecode.swift; path = SettingsCurrencySelectionView.swift; sourceTree = "<group>"; };
		780DEFB82BD782EB00352E93 /* ExchangeRatesResponse.swift */ = {isa = PBXFileReference; lastKnownFileType = sourcecode.swift; path = ExchangeRatesResponse.swift; sourceTree = "<group>"; };
		780DEFBA2BD7B12A00352E93 /* ExchangeRatesWidgetView.swift */ = {isa = PBXFileReference; lastKnownFileType = sourcecode.swift; path = ExchangeRatesWidgetView.swift; sourceTree = "<group>"; };
		780DEFBC2BD7C87200352E93 /* CurrenciesRateWidgetEditorView.swift */ = {isa = PBXFileReference; lastKnownFileType = sourcecode.swift; path = CurrenciesRateWidgetEditorView.swift; sourceTree = "<group>"; };
		780DF4D42BC7F24800EDADBC /* CryptoAccountsController.swift */ = {isa = PBXFileReference; lastKnownFileType = sourcecode.swift; path = CryptoAccountsController.swift; sourceTree = "<group>"; };
		780DF4D62BC852F600EDADBC /* TRC20PriceResponse.swift */ = {isa = PBXFileReference; lastKnownFileType = sourcecode.swift; path = TRC20PriceResponse.swift; sourceTree = "<group>"; };
		781A39382BD96F6700DC6160 /* ListCardView.swift */ = {isa = PBXFileReference; lastKnownFileType = sourcecode.swift; path = ListCardView.swift; sourceTree = "<group>"; };
		781A393A2BD9845A00DC6160 /* ApisConfigurationView.swift */ = {isa = PBXFileReference; lastKnownFileType = sourcecode.swift; path = ApisConfigurationView.swift; sourceTree = "<group>"; };
		781B9AEB2BDA99F800286C37 /* TRC20TransfersResponse.swift */ = {isa = PBXFileReference; lastKnownFileType = sourcecode.swift; path = TRC20TransfersResponse.swift; sourceTree = "<group>"; };
		781B9AED2BDAA02900286C37 /* TRC20UsdtTokenDetails.swift */ = {isa = PBXFileReference; lastKnownFileType = sourcecode.swift; path = TRC20UsdtTokenDetails.swift; sourceTree = "<group>"; };
		781B9AF22BDADB6F00286C37 /* QueryKey.swift */ = {isa = PBXFileReference; lastKnownFileType = sourcecode.swift; path = QueryKey.swift; sourceTree = "<group>"; };
		781B9AF52BDBC76300286C37 /* CryptoAccountDetailsViewModel.swift */ = {isa = PBXFileReference; lastKnownFileType = sourcecode.swift; path = CryptoAccountDetailsViewModel.swift; sourceTree = "<group>"; };
		7830CD3A2BD3CA2B00E5535D /* ManagedAccountRecordFormView.swift */ = {isa = PBXFileReference; lastKnownFileType = sourcecode.swift; path = ManagedAccountRecordFormView.swift; sourceTree = "<group>"; };
		784A65EB2BCC688C007D5677 /* CoinGeckoPriceResponse.swift */ = {isa = PBXFileReference; fileEncoding = 4; lastKnownFileType = sourcecode.swift; name = CoinGeckoPriceResponse.swift; path = "another-one-wallet/core/http/coin-gecko-entities/CoinGeckoPriceResponse.swift"; sourceTree = "<group>"; };
		784A65EF2BCC6967007D5677 /* SolanaRPCResponse.swift */ = {isa = PBXFileReference; fileEncoding = 4; lastKnownFileType = sourcecode.swift; name = SolanaRPCResponse.swift; path = "another-one-wallet/core/http/sol-entities/SolanaRPCResponse.swift"; sourceTree = SOURCE_ROOT; };
		784A65F12BCC69B3007D5677 /* CoinGeckoClient.swift */ = {isa = PBXFileReference; fileEncoding = 4; lastKnownFileType = sourcecode.swift; path = CoinGeckoClient.swift; sourceTree = "<group>"; };
		784A65F22BCC69B3007D5677 /* SolanaClient.swift */ = {isa = PBXFileReference; fileEncoding = 4; lastKnownFileType = sourcecode.swift; path = SolanaClient.swift; sourceTree = "<group>"; };
		784A65F52BCC6A03007D5677 /* CoinGeckoPriceResponse.swift */ = {isa = PBXFileReference; lastKnownFileType = sourcecode.swift; name = CoinGeckoPriceResponse.swift; path = "another-one-wallet/core/http/coin-gecko-entities/CoinGeckoPriceResponse.swift"; sourceTree = SOURCE_ROOT; };
		784A65F72BCC6A55007D5677 /* CryptoTokenItemView.swift */ = {isa = PBXFileReference; lastKnownFileType = sourcecode.swift; path = CryptoTokenItemView.swift; sourceTree = "<group>"; };
		784A65F92BCC6A98007D5677 /* CoinGeckoMarketDataResponse.swift */ = {isa = PBXFileReference; lastKnownFileType = sourcecode.swift; name = CoinGeckoMarketDataResponse.swift; path = "another-one-wallet/features/bank-accounts/CryptoAccountItem/CoinGeckoMarketDataResponse.swift"; sourceTree = SOURCE_ROOT; };
		784A65FB2BCC6AC1007D5677 /* Double.swift */ = {isa = PBXFileReference; lastKnownFileType = sourcecode.swift; path = Double.swift; sourceTree = "<group>"; };
		784A65FD2BCCE74E007D5677 /* HttpClient.swift */ = {isa = PBXFileReference; lastKnownFileType = sourcecode.swift; path = HttpClient.swift; sourceTree = "<group>"; };
		784A66002BCCEF68007D5677 /* TRC20AccountPopulator.swift */ = {isa = PBXFileReference; lastKnownFileType = sourcecode.swift; path = TRC20AccountPopulator.swift; sourceTree = "<group>"; };
		784A66042BCCF053007D5677 /* SolanaAccountPopulator.swift */ = {isa = PBXFileReference; lastKnownFileType = sourcecode.swift; path = SolanaAccountPopulator.swift; sourceTree = "<group>"; };
		784A66062BCCF062007D5677 /* AccountPopulator.swift */ = {isa = PBXFileReference; lastKnownFileType = sourcecode.swift; path = AccountPopulator.swift; sourceTree = "<group>"; };
		784A66082BCCF44C007D5677 /* CryptoAccountDetailsView.swift */ = {isa = PBXFileReference; lastKnownFileType = sourcecode.swift; path = CryptoAccountDetailsView.swift; sourceTree = "<group>"; };
		785261B22BE22EFF000D6945 /* CameraAccessView.swift */ = {isa = PBXFileReference; lastKnownFileType = sourcecode.swift; path = CameraAccessView.swift; sourceTree = "<group>"; };
		785269BA2BC799C600757C02 /* BasicAccountCreateFormView.swift */ = {isa = PBXFileReference; lastKnownFileType = sourcecode.swift; path = BasicAccountCreateFormView.swift; sourceTree = "<group>"; };
		785269C02BC7B7FD00757C02 /* TRC20Client.swift */ = {isa = PBXFileReference; lastKnownFileType = sourcecode.swift; path = TRC20Client.swift; sourceTree = "<group>"; };
		78526A072BC7BCBC00757C02 /* WithPriceTokens.swift */ = {isa = PBXFileReference; fileEncoding = 4; lastKnownFileType = sourcecode.swift; path = WithPriceTokens.swift; sourceTree = "<group>"; };
		78526A082BC7BCBC00757C02 /* TRC20AccountResponse.swift */ = {isa = PBXFileReference; fileEncoding = 4; lastKnownFileType = sourcecode.swift; path = TRC20AccountResponse.swift; sourceTree = "<group>"; };
		78526A0B2BC7BDF300757C02 /* ManagedAccountItemView.swift */ = {isa = PBXFileReference; lastKnownFileType = sourcecode.swift; path = ManagedAccountItemView.swift; sourceTree = "<group>"; };
		78526A132BC7CC1100757C02 /* CryptoAccountTokenItemView.swift */ = {isa = PBXFileReference; lastKnownFileType = sourcecode.swift; path = CryptoAccountTokenItemView.swift; sourceTree = "<group>"; };
		785366D22BC7970400DB180D /* ManagedBankAccountFormView.swift */ = {isa = PBXFileReference; lastKnownFileType = sourcecode.swift; path = ManagedBankAccountFormView.swift; sourceTree = "<group>"; };
		785366D42BC7971200DB180D /* LinkedCryptoAccountFormView.swift */ = {isa = PBXFileReference; lastKnownFileType = sourcecode.swift; path = LinkedCryptoAccountFormView.swift; sourceTree = "<group>"; };
		7876ABB62BC52B8A00323F65 /* CreateBankAccountView.swift */ = {isa = PBXFileReference; lastKnownFileType = sourcecode.swift; path = CreateBankAccountView.swift; sourceTree = "<group>"; };
		7876ABB82BC52D2400323F65 /* Currencies.swift */ = {isa = PBXFileReference; lastKnownFileType = sourcecode.swift; path = Currencies.swift; sourceTree = "<group>"; };
		788464BA2BCAFD9900911216 /* TopAccountsBalancesView.swift */ = {isa = PBXFileReference; lastKnownFileType = sourcecode.swift; path = TopAccountsBalancesView.swift; sourceTree = "<group>"; };
		788A896F2BC514930002F91E /* another-one-wallet.app */ = {isa = PBXFileReference; explicitFileType = wrapper.application; includeInIndex = 0; path = "another-one-wallet.app"; sourceTree = BUILT_PRODUCTS_DIR; };
		788A89722BC514930002F91E /* another_one_walletApp.swift */ = {isa = PBXFileReference; lastKnownFileType = sourcecode.swift; path = another_one_walletApp.swift; sourceTree = "<group>"; };
		788A89742BC514930002F91E /* ContentView.swift */ = {isa = PBXFileReference; lastKnownFileType = sourcecode.swift; path = ContentView.swift; sourceTree = "<group>"; };
		788A89762BC514940002F91E /* Assets.xcassets */ = {isa = PBXFileReference; lastKnownFileType = folder.assetcatalog; path = Assets.xcassets; sourceTree = "<group>"; };
		788A89792BC514940002F91E /* Preview Assets.xcassets */ = {isa = PBXFileReference; lastKnownFileType = folder.assetcatalog; path = "Preview Assets.xcassets"; sourceTree = "<group>"; };
		788A897B2BC514940002F91E /* Persistence.swift */ = {isa = PBXFileReference; lastKnownFileType = sourcecode.swift; path = Persistence.swift; sourceTree = "<group>"; };
		788A897E2BC514940002F91E /* another_one_wallet.xcdatamodel */ = {isa = PBXFileReference; lastKnownFileType = wrapper.xcdatamodel; path = another_one_wallet.xcdatamodel; sourceTree = "<group>"; };
		788A89892BC519050002F91E /* HomeView.swift */ = {isa = PBXFileReference; lastKnownFileType = sourcecode.swift; path = HomeView.swift; sourceTree = "<group>"; };
		788A898B2BC519160002F91E /* SettingsView.swift */ = {isa = PBXFileReference; lastKnownFileType = sourcecode.swift; path = SettingsView.swift; sourceTree = "<group>"; };
		788A898D2BC519440002F91E /* BankAccountsView.swift */ = {isa = PBXFileReference; lastKnownFileType = sourcecode.swift; path = BankAccountsView.swift; sourceTree = "<group>"; };
		788A89932BC51DBA0002F91E /* another-one-wallet.entitlements */ = {isa = PBXFileReference; lastKnownFileType = text.plist.entitlements; path = "another-one-wallet.entitlements"; sourceTree = "<group>"; };
		78A14B0C2BC712EC00CA7B12 /* BankAccountExtension.swift */ = {isa = PBXFileReference; lastKnownFileType = sourcecode.swift; path = BankAccountExtension.swift; sourceTree = "<group>"; };
		78A14B142BC71F4400CA7B12 /* ListIconView.swift */ = {isa = PBXFileReference; lastKnownFileType = sourcecode.swift; path = ListIconView.swift; sourceTree = "<group>"; };
		78D205B32BC91C550083CF53 /* TRC20TokensResponse.swift */ = {isa = PBXFileReference; lastKnownFileType = sourcecode.swift; path = TRC20TokensResponse.swift; sourceTree = "<group>"; };
		78D205B62BC92EF50083CF53 /* ToolbarPlusMenuView.swift */ = {isa = PBXFileReference; lastKnownFileType = sourcecode.swift; path = ToolbarPlusMenuView.swift; sourceTree = "<group>"; };
		78E00D322BC9B41500A300D4 /* ManagedBankAccountDetailsView.swift */ = {isa = PBXFileReference; lastKnownFileType = sourcecode.swift; path = ManagedBankAccountDetailsView.swift; sourceTree = "<group>"; };
		78E00D342BC9B6E200A300D4 /* HistoryRecordItemView.swift */ = {isa = PBXFileReference; lastKnownFileType = sourcecode.swift; path = HistoryRecordItemView.swift; sourceTree = "<group>"; };
		78E00D382BCAEB5500A300D4 /* Date.swift */ = {isa = PBXFileReference; lastKnownFileType = sourcecode.swift; path = Date.swift; sourceTree = "<group>"; };
		78E00D3A2BCAEDE900A300D4 /* ManagedAccountRecordExtension.swift */ = {isa = PBXFileReference; lastKnownFileType = sourcecode.swift; path = ManagedAccountRecordExtension.swift; sourceTree = "<group>"; };
		78E83D762BDF9BD400B1EEE4 /* HistoryRecordImageFormView.swift */ = {isa = PBXFileReference; lastKnownFileType = sourcecode.swift; path = HistoryRecordImageFormView.swift; sourceTree = "<group>"; };
		78E83D782BDFA7BA00B1EEE4 /* ManagedAccountHistoryDetailsView.swift */ = {isa = PBXFileReference; lastKnownFileType = sourcecode.swift; path = ManagedAccountHistoryDetailsView.swift; sourceTree = "<group>"; };
		78E83D7F2BDFB4DB00B1EEE4 /* ImageViewerController.swift */ = {isa = PBXFileReference; lastKnownFileType = sourcecode.swift; path = ImageViewerController.swift; sourceTree = "<group>"; };
/* End PBXFileReference section */

/* Begin PBXFrameworksBuildPhase section */
		788A896C2BC514930002F91E /* Frameworks */ = {
			isa = PBXFrameworksBuildPhase;
			buildActionMask = 2147483647;
			files = (
				78E83D7C2BDFADA400B1EEE4 /* ImageViewer in Frameworks */,
				78E83D7E2BDFADA400B1EEE4 /* ImageViewerRemote in Frameworks */,
				780DEFB02BD6ECB100352E93 /* WhatsNewKit in Frameworks */,
				78A14B122BC71B0600CA7B12 /* SFSymbolsPicker in Frameworks */,
				781B9AF12BDAD9CA00286C37 /* Pigeon in Frameworks */,
			);
			runOnlyForDeploymentPostprocessing = 0;
		};
/* End PBXFrameworksBuildPhase section */

/* Begin PBXGroup section */
		780DEFB72BD782C500352E93 /* currencies-entities */ = {
			isa = PBXGroup;
			children = (
				780DEFB82BD782EB00352E93 /* ExchangeRatesResponse.swift */,
			);
			path = "currencies-entities";
			sourceTree = "<group>";
		};
		781B9AF42BDBC74D00286C37 /* CryptoAccountDetails */ = {
			isa = PBXGroup;
			children = (
				784A66082BCCF44C007D5677 /* CryptoAccountDetailsView.swift */,
				781B9AED2BDAA02900286C37 /* TRC20UsdtTokenDetails.swift */,
				781B9AF52BDBC76300286C37 /* CryptoAccountDetailsViewModel.swift */,
			);
			path = CryptoAccountDetails;
			sourceTree = "<group>";
		};
		781B9AF72BDBCE5600286C37 /* ManagingAccountDetails */ = {
			isa = PBXGroup;
			children = (
				78E00D322BC9B41500A300D4 /* ManagedBankAccountDetailsView.swift */,
				78E00D342BC9B6E200A300D4 /* HistoryRecordItemView.swift */,
				780DEFAA2BD6E6FD00352E93 /* ManagedAccountHistoryView.swift */,
				780DEFAC2BD6E79B00352E93 /* ManagedAccountChartView.swift */,
				78E83D782BDFA7BA00B1EEE4 /* ManagedAccountHistoryDetailsView.swift */,
			);
			path = ManagingAccountDetails;
			sourceTree = "<group>";
		};
		784A65ED2BCC6942007D5677 /* sol-entites */ = {
			isa = PBXGroup;
			children = (
				784A65EF2BCC6967007D5677 /* SolanaRPCResponse.swift */,
			);
			path = "sol-entites";
			sourceTree = "<group>";
		};
		784A65EE2BCC694B007D5677 /* coin-gecko-entites */ = {
			isa = PBXGroup;
			children = (
				784A65F52BCC6A03007D5677 /* CoinGeckoPriceResponse.swift */,
				784A65F92BCC6A98007D5677 /* CoinGeckoMarketDataResponse.swift */,
			);
			path = "coin-gecko-entites";
			sourceTree = "<group>";
		};
		784A65FF2BCCEF4E007D5677 /* populators */ = {
			isa = PBXGroup;
			children = (
				784A66002BCCEF68007D5677 /* TRC20AccountPopulator.swift */,
				784A66042BCCF053007D5677 /* SolanaAccountPopulator.swift */,
				784A66062BCCF062007D5677 /* AccountPopulator.swift */,
			);
			path = populators;
			sourceTree = "<group>";
		};
		785269BC2BC7A8C000757C02 /* controllers */ = {
			isa = PBXGroup;
			children = (
				784A65FF2BCCEF4E007D5677 /* populators */,
				780DF4D42BC7F24800EDADBC /* CryptoAccountsController.swift */,
				780DEFA82BD6D76D00352E93 /* ManagedAccountHistoryController.swift */,
				780DEFB32BD6F00E00352E93 /* CurrenciesWatcherController.swift */,
				78E83D7F2BDFB4DB00B1EEE4 /* ImageViewerController.swift */,
			);
			path = controllers;
			sourceTree = "<group>";
		};
		785269BF2BC7B7F400757C02 /* http */ = {
			isa = PBXGroup;
			children = (
				780DEFB72BD782C500352E93 /* currencies-entities */,
				784A65F12BCC69B3007D5677 /* CoinGeckoClient.swift */,
				784A65F22BCC69B3007D5677 /* SolanaClient.swift */,
				784A65EE2BCC694B007D5677 /* coin-gecko-entites */,
				784A65ED2BCC6942007D5677 /* sol-entites */,
				785269C22BC7BB4300757C02 /* trc20-entities */,
				785269C02BC7B7FD00757C02 /* TRC20Client.swift */,
				784A65FD2BCCE74E007D5677 /* HttpClient.swift */,
				780DEFB12BD6EFCF00352E93 /* RealCurrencyRatesClient.swift */,
			);
			path = http;
			sourceTree = "<group>";
		};
		785269C22BC7BB4300757C02 /* trc20-entities */ = {
			isa = PBXGroup;
			children = (
				78526A082BC7BCBC00757C02 /* TRC20AccountResponse.swift */,
				78526A072BC7BCBC00757C02 /* WithPriceTokens.swift */,
				780DF4D62BC852F600EDADBC /* TRC20PriceResponse.swift */,
				78D205B32BC91C550083CF53 /* TRC20TokensResponse.swift */,
				781B9AEB2BDA99F800286C37 /* TRC20TransfersResponse.swift */,
			);
			path = "trc20-entities";
			sourceTree = "<group>";
		};
		78526A122BC7CBFC00757C02 /* CryptoAccountItem */ = {
			isa = PBXGroup;
			children = (
				78526A132BC7CC1100757C02 /* CryptoAccountTokenItemView.swift */,
				784A65F72BCC6A55007D5677 /* CryptoTokenItemView.swift */,
			);
			path = CryptoAccountItem;
			sourceTree = "<group>";
		};
		788A89662BC514930002F91E = {
			isa = PBXGroup;
			children = (
				784A65EB2BCC688C007D5677 /* CoinGeckoPriceResponse.swift */,
				788A89712BC514930002F91E /* another-one-wallet */,
				788A89702BC514930002F91E /* Products */,
			);
			sourceTree = "<group>";
		};
		788A89702BC514930002F91E /* Products */ = {
			isa = PBXGroup;
			children = (
				788A896F2BC514930002F91E /* another-one-wallet.app */,
			);
			name = Products;
			sourceTree = "<group>";
		};
		788A89712BC514930002F91E /* another-one-wallet */ = {
			isa = PBXGroup;
			children = (
				785269BC2BC7A8C000757C02 /* controllers */,
				788A89932BC51DBA0002F91E /* another-one-wallet.entitlements */,
				788A898F2BC51CF10002F91E /* core */,
				788A89852BC518C80002F91E /* features */,
				788A89722BC514930002F91E /* another_one_walletApp.swift */,
				788A89742BC514930002F91E /* ContentView.swift */,
				788A89762BC514940002F91E /* Assets.xcassets */,
				788A897B2BC514940002F91E /* Persistence.swift */,
				788A897D2BC514940002F91E /* another_one_wallet.xcdatamodeld */,
				788A89782BC514940002F91E /* Preview Content */,
			);
			path = "another-one-wallet";
			sourceTree = "<group>";
		};
		788A89782BC514940002F91E /* Preview Content */ = {
			isa = PBXGroup;
			children = (
				788A89792BC514940002F91E /* Preview Assets.xcassets */,
			);
			path = "Preview Content";
			sourceTree = "<group>";
		};
		788A89852BC518C80002F91E /* features */ = {
			isa = PBXGroup;
			children = (
				78A14B132BC71F3500CA7B12 /* shared */,
				788A89882BC518F50002F91E /* bank-accounts */,
				788A89872BC518D10002F91E /* settings */,
				788A89862BC518CE0002F91E /* home */,
			);
			path = features;
			sourceTree = "<group>";
		};
		788A89862BC518CE0002F91E /* home */ = {
			isa = PBXGroup;
			children = (
				788A89892BC519050002F91E /* HomeView.swift */,
				788464BA2BCAFD9900911216 /* TopAccountsBalancesView.swift */,
				780DEFBA2BD7B12A00352E93 /* ExchangeRatesWidgetView.swift */,
				780DEFBC2BD7C87200352E93 /* CurrenciesRateWidgetEditorView.swift */,
			);
			path = home;
			sourceTree = "<group>";
		};
		788A89872BC518D10002F91E /* settings */ = {
			isa = PBXGroup;
			children = (
				788A898B2BC519160002F91E /* SettingsView.swift */,
				780DEFB52BD6F1C700352E93 /* SettingsCurrencySelectionView.swift */,
				781A393A2BD9845A00DC6160 /* ApisConfigurationView.swift */,
			);
			path = settings;
			sourceTree = "<group>";
		};
		788A89882BC518F50002F91E /* bank-accounts */ = {
			isa = PBXGroup;
			children = (
				78E00D312BC9B3FD00A300D4 /* AccountDetails */,
				78526A122BC7CBFC00757C02 /* CryptoAccountItem */,
				788A898D2BC519440002F91E /* BankAccountsView.swift */,
				7876ABB62BC52B8A00323F65 /* CreateBankAccountView.swift */,
				785366D22BC7970400DB180D /* ManagedBankAccountFormView.swift */,
				785366D42BC7971200DB180D /* LinkedCryptoAccountFormView.swift */,
				785269BA2BC799C600757C02 /* BasicAccountCreateFormView.swift */,
				78526A0B2BC7BDF300757C02 /* ManagedAccountItemView.swift */,
			);
			path = "bank-accounts";
			sourceTree = "<group>";
		};
		788A898F2BC51CF10002F91E /* core */ = {
			isa = PBXGroup;
			children = (
				78E00D362BCAEB4A00A300D4 /* extensions */,
				785269BF2BC7B7F400757C02 /* http */,
				788A89942BC51E4A0002F91E /* entities */,
			);
			path = core;
			sourceTree = "<group>";
		};
		788A89942BC51E4A0002F91E /* entities */ = {
			isa = PBXGroup;
			children = (
				7876ABB82BC52D2400323F65 /* Currencies.swift */,
				78A14B0C2BC712EC00CA7B12 /* BankAccountExtension.swift */,
				78E00D3A2BCAEDE900A300D4 /* ManagedAccountRecordExtension.swift */,
			);
			path = entities;
			sourceTree = "<group>";
		};
		78A14B132BC71F3500CA7B12 /* shared */ = {
			isa = PBXGroup;
			children = (
				78A14B142BC71F4400CA7B12 /* ListIconView.swift */,
				78D205B62BC92EF50083CF53 /* ToolbarPlusMenuView.swift */,
				7830CD3A2BD3CA2B00E5535D /* ManagedAccountRecordFormView.swift */,
				781A39382BD96F6700DC6160 /* ListCardView.swift */,
				78E83D762BDF9BD400B1EEE4 /* HistoryRecordImageFormView.swift */,
				785261B22BE22EFF000D6945 /* CameraAccessView.swift */,
			);
			path = shared;
			sourceTree = "<group>";
		};
		78E00D312BC9B3FD00A300D4 /* AccountDetails */ = {
			isa = PBXGroup;
			children = (
				781B9AF72BDBCE5600286C37 /* ManagingAccountDetails */,
				781B9AF42BDBC74D00286C37 /* CryptoAccountDetails */,
			);
			path = AccountDetails;
			sourceTree = "<group>";
		};
		78E00D362BCAEB4A00A300D4 /* extensions */ = {
			isa = PBXGroup;
			children = (
				78E00D382BCAEB5500A300D4 /* Date.swift */,
				784A65FB2BCC6AC1007D5677 /* Double.swift */,
				781B9AF22BDADB6F00286C37 /* QueryKey.swift */,
			);
			path = extensions;
			sourceTree = "<group>";
		};
/* End PBXGroup section */

/* Begin PBXNativeTarget section */
		788A896E2BC514930002F91E /* another-one-wallet */ = {
			isa = PBXNativeTarget;
			buildConfigurationList = 788A89822BC514940002F91E /* Build configuration list for PBXNativeTarget "another-one-wallet" */;
			buildPhases = (
				788A896B2BC514930002F91E /* Sources */,
				788A896C2BC514930002F91E /* Frameworks */,
				788A896D2BC514930002F91E /* Resources */,
			);
			buildRules = (
			);
			dependencies = (
			);
			name = "another-one-wallet";
			packageProductDependencies = (
				78A14B112BC71B0600CA7B12 /* SFSymbolsPicker */,
				780DEFAF2BD6ECB100352E93 /* WhatsNewKit */,
				781B9AF02BDAD9CA00286C37 /* Pigeon */,
				78E83D7B2BDFADA400B1EEE4 /* ImageViewer */,
				78E83D7D2BDFADA400B1EEE4 /* ImageViewerRemote */,
			);
			productName = "another-one-wallet";
			productReference = 788A896F2BC514930002F91E /* another-one-wallet.app */;
			productType = "com.apple.product-type.application";
		};
/* End PBXNativeTarget section */

/* Begin PBXProject section */
		788A89672BC514930002F91E /* Project object */ = {
			isa = PBXProject;
			attributes = {
				BuildIndependentTargetsInParallel = 1;
				LastSwiftUpdateCheck = 1520;
				LastUpgradeCheck = 1520;
				TargetAttributes = {
					788A896E2BC514930002F91E = {
						CreatedOnToolsVersion = 15.2;
					};
				};
			};
			buildConfigurationList = 788A896A2BC514930002F91E /* Build configuration list for PBXProject "another-one-wallet" */;
			compatibilityVersion = "Xcode 14.0";
			developmentRegion = en;
			hasScannedForEncodings = 0;
			knownRegions = (
				en,
				Base,
			);
			mainGroup = 788A89662BC514930002F91E;
			packageReferences = (
				78A14B102BC71B0600CA7B12 /* XCRemoteSwiftPackageReference "SFSymbolsPicker" */,
				780DEFAE2BD6ECB000352E93 /* XCRemoteSwiftPackageReference "WhatsNewKit" */,
				781B9AEF2BDAD9CA00286C37 /* XCRemoteSwiftPackageReference "Pigeon" */,
				78E83D7A2BDFADA400B1EEE4 /* XCRemoteSwiftPackageReference "swiftui-image-viewer" */,
			);
			productRefGroup = 788A89702BC514930002F91E /* Products */;
			projectDirPath = "";
			projectRoot = "";
			targets = (
				788A896E2BC514930002F91E /* another-one-wallet */,
			);
		};
/* End PBXProject section */

/* Begin PBXResourcesBuildPhase section */
		788A896D2BC514930002F91E /* Resources */ = {
			isa = PBXResourcesBuildPhase;
			buildActionMask = 2147483647;
			files = (
				788A897A2BC514940002F91E /* Preview Assets.xcassets in Resources */,
				788A89772BC514940002F91E /* Assets.xcassets in Resources */,
			);
			runOnlyForDeploymentPostprocessing = 0;
		};
/* End PBXResourcesBuildPhase section */

/* Begin PBXSourcesBuildPhase section */
		788A896B2BC514930002F91E /* Sources */ = {
			isa = PBXSourcesBuildPhase;
			buildActionMask = 2147483647;
			files = (
				78E83D792BDFA7BA00B1EEE4 /* ManagedAccountHistoryDetailsView.swift in Sources */,
				784A66052BCCF053007D5677 /* SolanaAccountPopulator.swift in Sources */,
				780DEFB62BD6F1C700352E93 /* SettingsCurrencySelectionView.swift in Sources */,
				784A65F82BCC6A55007D5677 /* CryptoTokenItemView.swift in Sources */,
				788A898C2BC519160002F91E /* SettingsView.swift in Sources */,
				78526A142BC7CC1100757C02 /* CryptoAccountTokenItemView.swift in Sources */,
				785269BB2BC799C600757C02 /* BasicAccountCreateFormView.swift in Sources */,
				785366D32BC7970400DB180D /* ManagedBankAccountFormView.swift in Sources */,
				780DF4D72BC852F600EDADBC /* TRC20PriceResponse.swift in Sources */,
				781B9AF62BDBC76300286C37 /* CryptoAccountDetailsViewModel.swift in Sources */,
				78E00D392BCAEB5500A300D4 /* Date.swift in Sources */,
				784A65FE2BCCE74E007D5677 /* HttpClient.swift in Sources */,
				7876ABB72BC52B8A00323F65 /* CreateBankAccountView.swift in Sources */,
				780DEFB22BD6EFCF00352E93 /* RealCurrencyRatesClient.swift in Sources */,
				788A897C2BC514940002F91E /* Persistence.swift in Sources */,
				785261B32BE22EFF000D6945 /* CameraAccessView.swift in Sources */,
				78A14B152BC71F4400CA7B12 /* ListIconView.swift in Sources */,
				788A897F2BC514940002F91E /* another_one_wallet.xcdatamodeld in Sources */,
				780DEFB92BD782EB00352E93 /* ExchangeRatesResponse.swift in Sources */,
				78D205B72BC92EF50083CF53 /* ToolbarPlusMenuView.swift in Sources */,
				780DEFB42BD6F00E00352E93 /* CurrenciesWatcherController.swift in Sources */,
				784A65F62BCC6A03007D5677 /* CoinGeckoPriceResponse.swift in Sources */,
				784A65FA2BCC6A98007D5677 /* CoinGeckoMarketDataResponse.swift in Sources */,
				784A65EC2BCC688C007D5677 /* CoinGeckoPriceResponse.swift in Sources */,
				785269C12BC7B7FD00757C02 /* TRC20Client.swift in Sources */,
				788464BB2BCAFD9900911216 /* TopAccountsBalancesView.swift in Sources */,
				785366D52BC7971300DB180D /* LinkedCryptoAccountFormView.swift in Sources */,
				781A393B2BD9845A00DC6160 /* ApisConfigurationView.swift in Sources */,
				780DEFBD2BD7C87200352E93 /* CurrenciesRateWidgetEditorView.swift in Sources */,
				784A65F42BCC69B3007D5677 /* SolanaClient.swift in Sources */,
				784A66012BCCEF68007D5677 /* TRC20AccountPopulator.swift in Sources */,
				780DEFBB2BD7B12A00352E93 /* ExchangeRatesWidgetView.swift in Sources */,
				78526A0C2BC7BDF300757C02 /* ManagedAccountItemView.swift in Sources */,
				784A66092BCCF44C007D5677 /* CryptoAccountDetailsView.swift in Sources */,
				780DEFAD2BD6E79B00352E93 /* ManagedAccountChartView.swift in Sources */,
				788A89752BC514930002F91E /* ContentView.swift in Sources */,
				7830CD3B2BD3CA2B00E5535D /* ManagedAccountRecordFormView.swift in Sources */,
				780DEFAB2BD6E6FD00352E93 /* ManagedAccountHistoryView.swift in Sources */,
				784A66072BCCF062007D5677 /* AccountPopulator.swift in Sources */,
				78E00D3B2BCAEDE900A300D4 /* ManagedAccountRecordExtension.swift in Sources */,
				78E83D772BDF9BD400B1EEE4 /* HistoryRecordImageFormView.swift in Sources */,
				78526A0A2BC7BCBC00757C02 /* TRC20AccountResponse.swift in Sources */,
				781B9AEC2BDA99F800286C37 /* TRC20TransfersResponse.swift in Sources */,
				78526A092BC7BCBC00757C02 /* WithPriceTokens.swift in Sources */,
				780DF4D52BC7F24800EDADBC /* CryptoAccountsController.swift in Sources */,
				78E00D332BC9B41500A300D4 /* ManagedBankAccountDetailsView.swift in Sources */,
				784A65FC2BCC6AC1007D5677 /* Double.swift in Sources */,
				780DEFA92BD6D76D00352E93 /* ManagedAccountHistoryController.swift in Sources */,
				78E83D802BDFB4DB00B1EEE4 /* ImageViewerController.swift in Sources */,
				784A65F32BCC69B3007D5677 /* CoinGeckoClient.swift in Sources */,
				78E00D352BC9B6E200A300D4 /* HistoryRecordItemView.swift in Sources */,
				781B9AF32BDADB6F00286C37 /* QueryKey.swift in Sources */,
				78D205B42BC91C550083CF53 /* TRC20TokensResponse.swift in Sources */,
				78A14B0D2BC712EC00CA7B12 /* BankAccountExtension.swift in Sources */,
				781A39392BD96F6700DC6160 /* ListCardView.swift in Sources */,
				788A898E2BC519440002F91E /* BankAccountsView.swift in Sources */,
				7876ABB92BC52D2400323F65 /* Currencies.swift in Sources */,
				781B9AEE2BDAA02900286C37 /* TRC20UsdtTokenDetails.swift in Sources */,
				788A898A2BC519050002F91E /* HomeView.swift in Sources */,
				788A89732BC514930002F91E /* another_one_walletApp.swift in Sources */,
				784A65F02BCC6967007D5677 /* SolanaRPCResponse.swift in Sources */,
			);
			runOnlyForDeploymentPostprocessing = 0;
		};
/* End PBXSourcesBuildPhase section */

/* Begin XCBuildConfiguration section */
		788A89802BC514940002F91E /* Debug */ = {
			isa = XCBuildConfiguration;
			buildSettings = {
				ALWAYS_SEARCH_USER_PATHS = NO;
				ASSETCATALOG_COMPILER_GENERATE_SWIFT_ASSET_SYMBOL_EXTENSIONS = YES;
				CLANG_ANALYZER_NONNULL = YES;
				CLANG_ANALYZER_NUMBER_OBJECT_CONVERSION = YES_AGGRESSIVE;
				CLANG_CXX_LANGUAGE_STANDARD = "gnu++20";
				CLANG_ENABLE_MODULES = YES;
				CLANG_ENABLE_OBJC_ARC = YES;
				CLANG_ENABLE_OBJC_WEAK = YES;
				CLANG_WARN_BLOCK_CAPTURE_AUTORELEASING = YES;
				CLANG_WARN_BOOL_CONVERSION = YES;
				CLANG_WARN_COMMA = YES;
				CLANG_WARN_CONSTANT_CONVERSION = YES;
				CLANG_WARN_DEPRECATED_OBJC_IMPLEMENTATIONS = YES;
				CLANG_WARN_DIRECT_OBJC_ISA_USAGE = YES_ERROR;
				CLANG_WARN_DOCUMENTATION_COMMENTS = YES;
				CLANG_WARN_EMPTY_BODY = YES;
				CLANG_WARN_ENUM_CONVERSION = YES;
				CLANG_WARN_INFINITE_RECURSION = YES;
				CLANG_WARN_INT_CONVERSION = YES;
				CLANG_WARN_NON_LITERAL_NULL_CONVERSION = YES;
				CLANG_WARN_OBJC_IMPLICIT_RETAIN_SELF = YES;
				CLANG_WARN_OBJC_LITERAL_CONVERSION = YES;
				CLANG_WARN_OBJC_ROOT_CLASS = YES_ERROR;
				CLANG_WARN_QUOTED_INCLUDE_IN_FRAMEWORK_HEADER = YES;
				CLANG_WARN_RANGE_LOOP_ANALYSIS = YES;
				CLANG_WARN_STRICT_PROTOTYPES = YES;
				CLANG_WARN_SUSPICIOUS_MOVE = YES;
				CLANG_WARN_UNGUARDED_AVAILABILITY = YES_AGGRESSIVE;
				CLANG_WARN_UNREACHABLE_CODE = YES;
				CLANG_WARN__DUPLICATE_METHOD_MATCH = YES;
				COPY_PHASE_STRIP = NO;
				DEBUG_INFORMATION_FORMAT = dwarf;
				ENABLE_STRICT_OBJC_MSGSEND = YES;
				ENABLE_TESTABILITY = YES;
				ENABLE_USER_SCRIPT_SANDBOXING = YES;
				GCC_C_LANGUAGE_STANDARD = gnu17;
				GCC_DYNAMIC_NO_PIC = NO;
				GCC_NO_COMMON_BLOCKS = YES;
				GCC_OPTIMIZATION_LEVEL = 0;
				GCC_PREPROCESSOR_DEFINITIONS = (
					"DEBUG=1",
					"$(inherited)",
				);
				GCC_WARN_64_TO_32_BIT_CONVERSION = YES;
				GCC_WARN_ABOUT_RETURN_TYPE = YES_ERROR;
				GCC_WARN_UNDECLARED_SELECTOR = YES;
				GCC_WARN_UNINITIALIZED_AUTOS = YES_AGGRESSIVE;
				GCC_WARN_UNUSED_FUNCTION = YES;
				GCC_WARN_UNUSED_VARIABLE = YES;
				INFOPLIST_KEY_NSCameraUsageDescription = "This app needs to capture image to show in records";
				IPHONEOS_DEPLOYMENT_TARGET = 17.2;
				LOCALIZATION_PREFERS_STRING_CATALOGS = YES;
				MTL_ENABLE_DEBUG_INFO = INCLUDE_SOURCE;
				MTL_FAST_MATH = YES;
				ONLY_ACTIVE_ARCH = YES;
				SDKROOT = iphoneos;
				SWIFT_ACTIVE_COMPILATION_CONDITIONS = "DEBUG $(inherited)";
				SWIFT_OPTIMIZATION_LEVEL = "-Onone";
			};
			name = Debug;
		};
		788A89812BC514940002F91E /* Release */ = {
			isa = XCBuildConfiguration;
			buildSettings = {
				ALWAYS_SEARCH_USER_PATHS = NO;
				ASSETCATALOG_COMPILER_GENERATE_SWIFT_ASSET_SYMBOL_EXTENSIONS = YES;
				CLANG_ANALYZER_NONNULL = YES;
				CLANG_ANALYZER_NUMBER_OBJECT_CONVERSION = YES_AGGRESSIVE;
				CLANG_CXX_LANGUAGE_STANDARD = "gnu++20";
				CLANG_ENABLE_MODULES = YES;
				CLANG_ENABLE_OBJC_ARC = YES;
				CLANG_ENABLE_OBJC_WEAK = YES;
				CLANG_WARN_BLOCK_CAPTURE_AUTORELEASING = YES;
				CLANG_WARN_BOOL_CONVERSION = YES;
				CLANG_WARN_COMMA = YES;
				CLANG_WARN_CONSTANT_CONVERSION = YES;
				CLANG_WARN_DEPRECATED_OBJC_IMPLEMENTATIONS = YES;
				CLANG_WARN_DIRECT_OBJC_ISA_USAGE = YES_ERROR;
				CLANG_WARN_DOCUMENTATION_COMMENTS = YES;
				CLANG_WARN_EMPTY_BODY = YES;
				CLANG_WARN_ENUM_CONVERSION = YES;
				CLANG_WARN_INFINITE_RECURSION = YES;
				CLANG_WARN_INT_CONVERSION = YES;
				CLANG_WARN_NON_LITERAL_NULL_CONVERSION = YES;
				CLANG_WARN_OBJC_IMPLICIT_RETAIN_SELF = YES;
				CLANG_WARN_OBJC_LITERAL_CONVERSION = YES;
				CLANG_WARN_OBJC_ROOT_CLASS = YES_ERROR;
				CLANG_WARN_QUOTED_INCLUDE_IN_FRAMEWORK_HEADER = YES;
				CLANG_WARN_RANGE_LOOP_ANALYSIS = YES;
				CLANG_WARN_STRICT_PROTOTYPES = YES;
				CLANG_WARN_SUSPICIOUS_MOVE = YES;
				CLANG_WARN_UNGUARDED_AVAILABILITY = YES_AGGRESSIVE;
				CLANG_WARN_UNREACHABLE_CODE = YES;
				CLANG_WARN__DUPLICATE_METHOD_MATCH = YES;
				COPY_PHASE_STRIP = NO;
				DEBUG_INFORMATION_FORMAT = "dwarf-with-dsym";
				ENABLE_NS_ASSERTIONS = NO;
				ENABLE_STRICT_OBJC_MSGSEND = YES;
				ENABLE_USER_SCRIPT_SANDBOXING = YES;
				GCC_C_LANGUAGE_STANDARD = gnu17;
				GCC_NO_COMMON_BLOCKS = YES;
				GCC_WARN_64_TO_32_BIT_CONVERSION = YES;
				GCC_WARN_ABOUT_RETURN_TYPE = YES_ERROR;
				GCC_WARN_UNDECLARED_SELECTOR = YES;
				GCC_WARN_UNINITIALIZED_AUTOS = YES_AGGRESSIVE;
				GCC_WARN_UNUSED_FUNCTION = YES;
				GCC_WARN_UNUSED_VARIABLE = YES;
				INFOPLIST_KEY_NSCameraUsageDescription = "This app needs to capture image to show in records";
				IPHONEOS_DEPLOYMENT_TARGET = 17.2;
				LOCALIZATION_PREFERS_STRING_CATALOGS = YES;
				MTL_ENABLE_DEBUG_INFO = NO;
				MTL_FAST_MATH = YES;
				SDKROOT = iphoneos;
				SWIFT_COMPILATION_MODE = wholemodule;
				VALIDATE_PRODUCT = YES;
			};
			name = Release;
		};
		788A89832BC514940002F91E /* Debug */ = {
			isa = XCBuildConfiguration;
			buildSettings = {
				ASSETCATALOG_COMPILER_APPICON_NAME = AppIcon;
				ASSETCATALOG_COMPILER_GLOBAL_ACCENT_COLOR_NAME = AccentColor;
				CODE_SIGN_ENTITLEMENTS = "another-one-wallet/another-one-wallet.entitlements";
				CODE_SIGN_STYLE = Automatic;
				CURRENT_PROJECT_VERSION = 1;
				DEVELOPMENT_ASSET_PATHS = "\"another-one-wallet/Preview Content\"";
				DEVELOPMENT_TEAM = G4FYKWX7TU;
				ENABLE_PREVIEWS = YES;
				GENERATE_INFOPLIST_FILE = YES;
				INFOPLIST_KEY_CFBundleDisplayName = "One more wallet";
				INFOPLIST_KEY_LSApplicationCategoryType = "public.app-category.finance";
				INFOPLIST_KEY_UIApplicationSceneManifest_Generation = YES;
				INFOPLIST_KEY_UIApplicationSupportsIndirectInputEvents = YES;
				INFOPLIST_KEY_UILaunchScreen_Generation = YES;
				INFOPLIST_KEY_UISupportedInterfaceOrientations = UIInterfaceOrientationPortrait;
				INFOPLIST_KEY_UISupportedInterfaceOrientations_iPad = "UIInterfaceOrientationPortrait UIInterfaceOrientationPortraitUpsideDown";
				LD_RUNPATH_SEARCH_PATHS = (
					"$(inherited)",
					"@executable_path/Frameworks",
				);
				MARKETING_VERSION = 1.0;
				PRODUCT_BUNDLE_IDENTIFIER = "vicev.another-one-wallet";
				PRODUCT_NAME = "$(TARGET_NAME)";
				SWIFT_EMIT_LOC_STRINGS = YES;
				SWIFT_VERSION = 5.0;
				TARGETED_DEVICE_FAMILY = "1,2";
			};
			name = Debug;
		};
		788A89842BC514940002F91E /* Release */ = {
			isa = XCBuildConfiguration;
			buildSettings = {
				ASSETCATALOG_COMPILER_APPICON_NAME = AppIcon;
				ASSETCATALOG_COMPILER_GLOBAL_ACCENT_COLOR_NAME = AccentColor;
				CODE_SIGN_ENTITLEMENTS = "another-one-wallet/another-one-wallet.entitlements";
				CODE_SIGN_STYLE = Automatic;
				CURRENT_PROJECT_VERSION = 1;
				DEVELOPMENT_ASSET_PATHS = "\"another-one-wallet/Preview Content\"";
				DEVELOPMENT_TEAM = G4FYKWX7TU;
				ENABLE_PREVIEWS = YES;
				GENERATE_INFOPLIST_FILE = YES;
				INFOPLIST_KEY_CFBundleDisplayName = "One more wallet";
				INFOPLIST_KEY_LSApplicationCategoryType = "public.app-category.finance";
				INFOPLIST_KEY_UIApplicationSceneManifest_Generation = YES;
				INFOPLIST_KEY_UIApplicationSupportsIndirectInputEvents = YES;
				INFOPLIST_KEY_UILaunchScreen_Generation = YES;
				INFOPLIST_KEY_UISupportedInterfaceOrientations = UIInterfaceOrientationPortrait;
				INFOPLIST_KEY_UISupportedInterfaceOrientations_iPad = "UIInterfaceOrientationPortrait UIInterfaceOrientationPortraitUpsideDown";
				LD_RUNPATH_SEARCH_PATHS = (
					"$(inherited)",
					"@executable_path/Frameworks",
				);
				MARKETING_VERSION = 1.0;
				PRODUCT_BUNDLE_IDENTIFIER = "vicev.another-one-wallet";
				PRODUCT_NAME = "$(TARGET_NAME)";
				SWIFT_EMIT_LOC_STRINGS = YES;
				SWIFT_VERSION = 5.0;
				TARGETED_DEVICE_FAMILY = "1,2";
			};
			name = Release;
		};
/* End XCBuildConfiguration section */

/* Begin XCConfigurationList section */
		788A896A2BC514930002F91E /* Build configuration list for PBXProject "another-one-wallet" */ = {
			isa = XCConfigurationList;
			buildConfigurations = (
				788A89802BC514940002F91E /* Debug */,
				788A89812BC514940002F91E /* Release */,
			);
			defaultConfigurationIsVisible = 0;
			defaultConfigurationName = Release;
		};
		788A89822BC514940002F91E /* Build configuration list for PBXNativeTarget "another-one-wallet" */ = {
			isa = XCConfigurationList;
			buildConfigurations = (
				788A89832BC514940002F91E /* Debug */,
				788A89842BC514940002F91E /* Release */,
			);
			defaultConfigurationIsVisible = 0;
			defaultConfigurationName = Release;
		};
/* End XCConfigurationList section */

/* Begin XCRemoteSwiftPackageReference section */
		780DEFAE2BD6ECB000352E93 /* XCRemoteSwiftPackageReference "WhatsNewKit" */ = {
			isa = XCRemoteSwiftPackageReference;
			repositoryURL = "https://github.com/SvenTiigi/WhatsNewKit.git";
			requirement = {
				kind = upToNextMajorVersion;
				minimumVersion = 2.2.0;
			};
		};
		781B9AEF2BDAD9CA00286C37 /* XCRemoteSwiftPackageReference "Pigeon" */ = {
			isa = XCRemoteSwiftPackageReference;
			repositoryURL = "https://github.com/fmo91/Pigeon";
			requirement = {
				kind = upToNextMajorVersion;
				minimumVersion = 0.1.17;
			};
		};
		78A14B102BC71B0600CA7B12 /* XCRemoteSwiftPackageReference "SFSymbolsPicker" */ = {
			isa = XCRemoteSwiftPackageReference;
			repositoryURL = "https://github.com/alessiorubicini/SFSymbolsPicker";
			requirement = {
				kind = upToNextMajorVersion;
				minimumVersion = 1.0.6;
			};
		};
		78E83D7A2BDFADA400B1EEE4 /* XCRemoteSwiftPackageReference "swiftui-image-viewer" */ = {
			isa = XCRemoteSwiftPackageReference;
			repositoryURL = "https://github.com/Jake-Short/swiftui-image-viewer.git";
			requirement = {
				kind = upToNextMajorVersion;
				minimumVersion = 2.3.1;
			};
		};
/* End XCRemoteSwiftPackageReference section */

/* Begin XCSwiftPackageProductDependency section */
		780DEFAF2BD6ECB100352E93 /* WhatsNewKit */ = {
			isa = XCSwiftPackageProductDependency;
			package = 780DEFAE2BD6ECB000352E93 /* XCRemoteSwiftPackageReference "WhatsNewKit" */;
			productName = WhatsNewKit;
		};
		781B9AF02BDAD9CA00286C37 /* Pigeon */ = {
			isa = XCSwiftPackageProductDependency;
			package = 781B9AEF2BDAD9CA00286C37 /* XCRemoteSwiftPackageReference "Pigeon" */;
			productName = Pigeon;
		};
		78A14B112BC71B0600CA7B12 /* SFSymbolsPicker */ = {
			isa = XCSwiftPackageProductDependency;
			package = 78A14B102BC71B0600CA7B12 /* XCRemoteSwiftPackageReference "SFSymbolsPicker" */;
			productName = SFSymbolsPicker;
		};
		78E83D7B2BDFADA400B1EEE4 /* ImageViewer */ = {
			isa = XCSwiftPackageProductDependency;
			package = 78E83D7A2BDFADA400B1EEE4 /* XCRemoteSwiftPackageReference "swiftui-image-viewer" */;
			productName = ImageViewer;
		};
		78E83D7D2BDFADA400B1EEE4 /* ImageViewerRemote */ = {
			isa = XCSwiftPackageProductDependency;
			package = 78E83D7A2BDFADA400B1EEE4 /* XCRemoteSwiftPackageReference "swiftui-image-viewer" */;
			productName = ImageViewerRemote;
		};
/* End XCSwiftPackageProductDependency section */

/* Begin XCVersionGroup section */
		788A897D2BC514940002F91E /* another_one_wallet.xcdatamodeld */ = {
			isa = XCVersionGroup;
			children = (
				788A897E2BC514940002F91E /* another_one_wallet.xcdatamodel */,
			);
			currentVersion = 788A897E2BC514940002F91E /* another_one_wallet.xcdatamodel */;
			path = another_one_wallet.xcdatamodeld;
			sourceTree = "<group>";
			versionGroupType = wrapper.xcdatamodel;
		};
/* End XCVersionGroup section */
	};
	rootObject = 788A89672BC514930002F91E /* Project object */;
}
