{
  "pins" : [
    {
      "identity" : "sfsymbolspicker",
      "kind" : "remoteSourceControl",
      "location" : "https://github.com/alessiorubicini/SFSymbolsPicker",
      "state" : {
        "revision" : "73c909b8a7fc77a30dd04208e33f759f8b52c4c8",
        "version" : "1.0.6"
      }
    }
  ],
  "version" : 2
}
