{
  "pins" : [
    {
      "identity" : "pigeon",
      "kind" : "remoteSourceControl",
      "location" : "https://github.com/fmo91/Pigeon",
      "state" : {
        "revision" : "18c29b2cf1735afd5ef33bb1e983cbed9932c313",
        "version" : "0.1.17"
      }
    },
    {
      "identity" : "sfsymbolspicker",
      "kind" : "remoteSourceControl",
      "location" : "https://github.com/alessiorubicini/SFSymbolsPicker",
      "state" : {
        "revision" : "73c909b8a7fc77a30dd04208e33f759f8b52c4c8",
        "version" : "1.0.6"
      }
    },
    {
      "identity" : "whatsnewkit",
      "kind" : "remoteSourceControl",
      "location" : "https://github.com/SvenTiigi/WhatsNewKit.git",
      "state" : {
        "revision" : "a81f41ea63870205f281b8d051b264f7b303f6d4",
        "version" : "2.2.0"
      }
    }
  ],
  "version" : 2
}
